// !$*UTF8*$!
{
	archiveVersion = 1;
	classes = {
	};
	objectVersion = 46;
	objects = {

/* Begin PBXBuildFile section */
		AC7909341B6C455F00085FB6 /* AppDelegate.swift in Sources */ = {isa = PBXBuildFile; fileRef = AC7909331B6C455F00085FB6 /* AppDelegate.swift */; };
		AC7909371B6C455F00085FB6 /* DocPronto.xcdatamodeld in Sources */ = {isa = PBXBuildFile; fileRef = AC7909351B6C455F00085FB6 /* DocPronto.xcdatamodeld */; };
		AC7909391B6C455F00085FB6 /* ViewController.swift in Sources */ = {isa = PBXBuildFile; fileRef = AC7909381B6C455F00085FB6 /* ViewController.swift */; };
		AC79093C1B6C455F00085FB6 /* Main.storyboard in Resources */ = {isa = PBXBuildFile; fileRef = AC79093A1B6C455F00085FB6 /* Main.storyboard */; };
		AC79093E1B6C455F00085FB6 /* Images.xcassets in Resources */ = {isa = PBXBuildFile; fileRef = AC79093D1B6C455F00085FB6 /* Images.xcassets */; };
		AC7909411B6C455F00085FB6 /* LaunchScreen.xib in Resources */ = {isa = PBXBuildFile; fileRef = AC79093F1B6C455F00085FB6 /* LaunchScreen.xib */; };
		AC79094D1B6C455F00085FB6 /* DocProntoTests.swift in Sources */ = {isa = PBXBuildFile; fileRef = AC79094C1B6C455F00085FB6 /* DocProntoTests.swift */; };
		AC7909611B6D513100085FB6 /* Bolts.framework in Frameworks */ = {isa = PBXBuildFile; fileRef = AC79095F1B6D513100085FB6 /* Bolts.framework */; };
		AC7909621B6D513100085FB6 /* Parse.framework in Frameworks */ = {isa = PBXBuildFile; fileRef = AC7909601B6D513100085FB6 /* Parse.framework */; };
		AC7909641B6D514200085FB6 /* AudioToolbox.framework in Frameworks */ = {isa = PBXBuildFile; fileRef = AC7909631B6D514200085FB6 /* AudioToolbox.framework */; };
		AC7909661B6D514700085FB6 /* CFNetwork.framework in Frameworks */ = {isa = PBXBuildFile; fileRef = AC7909651B6D514700085FB6 /* CFNetwork.framework */; };
		AC7909681B6D514C00085FB6 /* CoreGraphics.framework in Frameworks */ = {isa = PBXBuildFile; fileRef = AC7909671B6D514C00085FB6 /* CoreGraphics.framework */; };
		AC79096A1B6D515000085FB6 /* CoreLocation.framework in Frameworks */ = {isa = PBXBuildFile; fileRef = AC7909691B6D515000085FB6 /* CoreLocation.framework */; };
		AC79096C1B6D515500085FB6 /* QuartzCore.framework in Frameworks */ = {isa = PBXBuildFile; fileRef = AC79096B1B6D515500085FB6 /* QuartzCore.framework */; };
		AC79096E1B6D515900085FB6 /* Security.framework in Frameworks */ = {isa = PBXBuildFile; fileRef = AC79096D1B6D515900085FB6 /* Security.framework */; };
		AC7909701B6D515D00085FB6 /* StoreKit.framework in Frameworks */ = {isa = PBXBuildFile; fileRef = AC79096F1B6D515D00085FB6 /* StoreKit.framework */; };
		AC7909721B6D516200085FB6 /* SystemConfiguration.framework in Frameworks */ = {isa = PBXBuildFile; fileRef = AC7909711B6D516200085FB6 /* SystemConfiguration.framework */; };
		AC7909741B6D516800085FB6 /* libz.dylib in Frameworks */ = {isa = PBXBuildFile; fileRef = AC7909731B6D516800085FB6 /* libz.dylib */; };
		AC7909761B6D516F00085FB6 /* libsqlite3.dylib in Frameworks */ = {isa = PBXBuildFile; fileRef = AC7909751B6D516F00085FB6 /* libsqlite3.dylib */; };
		AC7909781B6D517B00085FB6 /* Accounts.framework in Frameworks */ = {isa = PBXBuildFile; fileRef = AC7909771B6D517B00085FB6 /* Accounts.framework */; };
		AC79097A1B6D517E00085FB6 /* Social.framework in Frameworks */ = {isa = PBXBuildFile; fileRef = AC7909791B6D517E00085FB6 /* Social.framework */; };
		AC79097E1B6D549700085FB6 /* Fabric.framework in Frameworks */ = {isa = PBXBuildFile; fileRef = AC79097C1B6D549700085FB6 /* Fabric.framework */; };
		AC79097F1B6D549700085FB6 /* Crashlytics.framework in Frameworks */ = {isa = PBXBuildFile; fileRef = AC79097D1B6D549700085FB6 /* Crashlytics.framework */; };
		AC7909851B6D710900085FB6 /* Login.Storyboard in Resources */ = {isa = PBXBuildFile; fileRef = AC7909841B6D710900085FB6 /* Login.Storyboard */; };
		ACA6B8ED1B6E4F0600AAA992 /* LoginViewController.swift in Sources */ = {isa = PBXBuildFile; fileRef = ACA6B8EC1B6E4F0600AAA992 /* LoginViewController.swift */; };
		AC7909811B6D5D7000085FB6 /* Map.storyboard in Resources */ = {isa = PBXBuildFile; fileRef = AC7909801B6D5D7000085FB6 /* Map.storyboard */; };
		AC7909831B6D618C00085FB6 /* MapViewController.swift in Sources */ = {isa = PBXBuildFile; fileRef = AC7909821B6D618C00085FB6 /* MapViewController.swift */; };
		E84A72A6D85BF4E26410543A /* libPods.a in Frameworks */ = {isa = PBXBuildFile; fileRef = 7BEEAF65A38F5FAC21F6B91A /* libPods.a */; };
/* End PBXBuildFile section */

/* Begin PBXContainerItemProxy section */
		AC7909471B6C455F00085FB6 /* PBXContainerItemProxy */ = {
			isa = PBXContainerItemProxy;
			containerPortal = AC7909261B6C455F00085FB6 /* Project object */;
			proxyType = 1;
			remoteGlobalIDString = AC79092D1B6C455F00085FB6;
			remoteInfo = DocPronto;
		};
/* End PBXContainerItemProxy section */

/* Begin PBXFileReference section */
		2161FFB5DEECA8224FEC534E /* Pods.debug.xcconfig */ = {isa = PBXFileReference; includeInIndex = 1; lastKnownFileType = text.xcconfig; name = Pods.debug.xcconfig; path = "Pods/Target Support Files/Pods/Pods.debug.xcconfig"; sourceTree = "<group>"; };
		7BEEAF65A38F5FAC21F6B91A /* libPods.a */ = {isa = PBXFileReference; explicitFileType = archive.ar; includeInIndex = 0; path = libPods.a; sourceTree = BUILT_PRODUCTS_DIR; };
		AC79092E1B6C455F00085FB6 /* DocPronto.app */ = {isa = PBXFileReference; explicitFileType = wrapper.application; includeInIndex = 0; path = DocPronto.app; sourceTree = BUILT_PRODUCTS_DIR; };
		AC7909321B6C455F00085FB6 /* Info.plist */ = {isa = PBXFileReference; lastKnownFileType = text.plist.xml; path = Info.plist; sourceTree = "<group>"; };
		AC7909331B6C455F00085FB6 /* AppDelegate.swift */ = {isa = PBXFileReference; lastKnownFileType = sourcecode.swift; path = AppDelegate.swift; sourceTree = "<group>"; };
		AC7909361B6C455F00085FB6 /* DocPronto.xcdatamodel */ = {isa = PBXFileReference; lastKnownFileType = wrapper.xcdatamodel; path = DocPronto.xcdatamodel; sourceTree = "<group>"; };
		AC7909381B6C455F00085FB6 /* ViewController.swift */ = {isa = PBXFileReference; lastKnownFileType = sourcecode.swift; path = ViewController.swift; sourceTree = "<group>"; };
		AC79093B1B6C455F00085FB6 /* Base */ = {isa = PBXFileReference; lastKnownFileType = file.storyboard; name = Base; path = Base.lproj/Main.storyboard; sourceTree = "<group>"; };
		AC79093D1B6C455F00085FB6 /* Images.xcassets */ = {isa = PBXFileReference; lastKnownFileType = folder.assetcatalog; path = Images.xcassets; sourceTree = "<group>"; };
		AC7909401B6C455F00085FB6 /* Base */ = {isa = PBXFileReference; lastKnownFileType = file.xib; name = Base; path = Base.lproj/LaunchScreen.xib; sourceTree = "<group>"; };
		AC7909461B6C455F00085FB6 /* DocProntoTests.xctest */ = {isa = PBXFileReference; explicitFileType = wrapper.cfbundle; includeInIndex = 0; path = DocProntoTests.xctest; sourceTree = BUILT_PRODUCTS_DIR; };
		AC79094B1B6C455F00085FB6 /* Info.plist */ = {isa = PBXFileReference; lastKnownFileType = text.plist.xml; path = Info.plist; sourceTree = "<group>"; };
		AC79094C1B6C455F00085FB6 /* DocProntoTests.swift */ = {isa = PBXFileReference; lastKnownFileType = sourcecode.swift; path = DocProntoTests.swift; sourceTree = "<group>"; };
		AC79095F1B6D513100085FB6 /* Bolts.framework */ = {isa = PBXFileReference; lastKnownFileType = wrapper.framework; path = Bolts.framework; sourceTree = "<group>"; };
		AC7909601B6D513100085FB6 /* Parse.framework */ = {isa = PBXFileReference; lastKnownFileType = wrapper.framework; path = Parse.framework; sourceTree = "<group>"; };
		AC7909631B6D514200085FB6 /* AudioToolbox.framework */ = {isa = PBXFileReference; lastKnownFileType = wrapper.framework; name = AudioToolbox.framework; path = System/Library/Frameworks/AudioToolbox.framework; sourceTree = SDKROOT; };
		AC7909651B6D514700085FB6 /* CFNetwork.framework */ = {isa = PBXFileReference; lastKnownFileType = wrapper.framework; name = CFNetwork.framework; path = System/Library/Frameworks/CFNetwork.framework; sourceTree = SDKROOT; };
		AC7909671B6D514C00085FB6 /* CoreGraphics.framework */ = {isa = PBXFileReference; lastKnownFileType = wrapper.framework; name = CoreGraphics.framework; path = System/Library/Frameworks/CoreGraphics.framework; sourceTree = SDKROOT; };
		AC7909691B6D515000085FB6 /* CoreLocation.framework */ = {isa = PBXFileReference; lastKnownFileType = wrapper.framework; name = CoreLocation.framework; path = System/Library/Frameworks/CoreLocation.framework; sourceTree = SDKROOT; };
		AC79096B1B6D515500085FB6 /* QuartzCore.framework */ = {isa = PBXFileReference; lastKnownFileType = wrapper.framework; name = QuartzCore.framework; path = System/Library/Frameworks/QuartzCore.framework; sourceTree = SDKROOT; };
		AC79096D1B6D515900085FB6 /* Security.framework */ = {isa = PBXFileReference; lastKnownFileType = wrapper.framework; name = Security.framework; path = System/Library/Frameworks/Security.framework; sourceTree = SDKROOT; };
		AC79096F1B6D515D00085FB6 /* StoreKit.framework */ = {isa = PBXFileReference; lastKnownFileType = wrapper.framework; name = StoreKit.framework; path = System/Library/Frameworks/StoreKit.framework; sourceTree = SDKROOT; };
		AC7909711B6D516200085FB6 /* SystemConfiguration.framework */ = {isa = PBXFileReference; lastKnownFileType = wrapper.framework; name = SystemConfiguration.framework; path = System/Library/Frameworks/SystemConfiguration.framework; sourceTree = SDKROOT; };
		AC7909731B6D516800085FB6 /* libz.dylib */ = {isa = PBXFileReference; lastKnownFileType = "compiled.mach-o.dylib"; name = libz.dylib; path = usr/lib/libz.dylib; sourceTree = SDKROOT; };
		AC7909751B6D516F00085FB6 /* libsqlite3.dylib */ = {isa = PBXFileReference; lastKnownFileType = "compiled.mach-o.dylib"; name = libsqlite3.dylib; path = usr/lib/libsqlite3.dylib; sourceTree = SDKROOT; };
		AC7909771B6D517B00085FB6 /* Accounts.framework */ = {isa = PBXFileReference; lastKnownFileType = wrapper.framework; name = Accounts.framework; path = System/Library/Frameworks/Accounts.framework; sourceTree = SDKROOT; };
		AC7909791B6D517E00085FB6 /* Social.framework */ = {isa = PBXFileReference; lastKnownFileType = wrapper.framework; name = Social.framework; path = System/Library/Frameworks/Social.framework; sourceTree = SDKROOT; };
		AC79097C1B6D549700085FB6 /* Fabric.framework */ = {isa = PBXFileReference; lastKnownFileType = wrapper.framework; path = Fabric.framework; sourceTree = "<group>"; };
		AC79097D1B6D549700085FB6 /* Crashlytics.framework */ = {isa = PBXFileReference; lastKnownFileType = wrapper.framework; path = Crashlytics.framework; sourceTree = "<group>"; };
		AC7909841B6D710900085FB6 /* Login.Storyboard */ = {isa = PBXFileReference; fileEncoding = 4; lastKnownFileType = file.storyboard; path = Login.Storyboard; sourceTree = "<group>"; };
		ACA6B8EC1B6E4F0600AAA992 /* LoginViewController.swift */ = {isa = PBXFileReference; fileEncoding = 4; lastKnownFileType = sourcecode.swift; path = LoginViewController.swift; sourceTree = "<group>"; };
		AC7909801B6D5D7000085FB6 /* Map.storyboard */ = {isa = PBXFileReference; fileEncoding = 4; lastKnownFileType = file.storyboard; path = Map.storyboard; sourceTree = "<group>"; };
		AC7909821B6D618C00085FB6 /* MapViewController.swift */ = {isa = PBXFileReference; fileEncoding = 4; lastKnownFileType = sourcecode.swift; path = MapViewController.swift; sourceTree = "<group>"; };
		C5FF6A4040152AFBAF0CF503 /* Pods.release.xcconfig */ = {isa = PBXFileReference; includeInIndex = 1; lastKnownFileType = text.xcconfig; name = Pods.release.xcconfig; path = "Pods/Target Support Files/Pods/Pods.release.xcconfig"; sourceTree = "<group>"; };
/* End PBXFileReference section */

/* Begin PBXFrameworksBuildPhase section */
		AC79092B1B6C455F00085FB6 /* Frameworks */ = {
			isa = PBXFrameworksBuildPhase;
			buildActionMask = 2147483647;
			files = (
				AC79097A1B6D517E00085FB6 /* Social.framework in Frameworks */,
				AC7909781B6D517B00085FB6 /* Accounts.framework in Frameworks */,
				AC7909761B6D516F00085FB6 /* libsqlite3.dylib in Frameworks */,
				AC7909741B6D516800085FB6 /* libz.dylib in Frameworks */,
				AC7909721B6D516200085FB6 /* SystemConfiguration.framework in Frameworks */,
				AC7909701B6D515D00085FB6 /* StoreKit.framework in Frameworks */,
				AC79096E1B6D515900085FB6 /* Security.framework in Frameworks */,
				AC79096C1B6D515500085FB6 /* QuartzCore.framework in Frameworks */,
				AC79096A1B6D515000085FB6 /* CoreLocation.framework in Frameworks */,
				AC7909681B6D514C00085FB6 /* CoreGraphics.framework in Frameworks */,
				AC79097F1B6D549700085FB6 /* Crashlytics.framework in Frameworks */,
				AC7909661B6D514700085FB6 /* CFNetwork.framework in Frameworks */,
				AC79097E1B6D549700085FB6 /* Fabric.framework in Frameworks */,
				AC7909641B6D514200085FB6 /* AudioToolbox.framework in Frameworks */,
				AC7909621B6D513100085FB6 /* Parse.framework in Frameworks */,
				AC7909611B6D513100085FB6 /* Bolts.framework in Frameworks */,
				E84A72A6D85BF4E26410543A /* libPods.a in Frameworks */,
			);
			runOnlyForDeploymentPostprocessing = 0;
		};
		AC7909431B6C455F00085FB6 /* Frameworks */ = {
			isa = PBXFrameworksBuildPhase;
			buildActionMask = 2147483647;
			files = (
			);
			runOnlyForDeploymentPostprocessing = 0;
		};
/* End PBXFrameworksBuildPhase section */

/* Begin PBXGroup section */
		271E7A18146076B0C8BED4F3 /* Pods */ = {
			isa = PBXGroup;
			children = (
				2161FFB5DEECA8224FEC534E /* Pods.debug.xcconfig */,
				C5FF6A4040152AFBAF0CF503 /* Pods.release.xcconfig */,
			);
			name = Pods;
			sourceTree = "<group>";
		};
		58E896E55C69332B7809E4D8 /* Frameworks */ = {
			isa = PBXGroup;
			children = (
				7BEEAF65A38F5FAC21F6B91A /* libPods.a */,
			);
			name = Frameworks;
			sourceTree = "<group>";
		};
		AC7909251B6C455F00085FB6 = {
			isa = PBXGroup;
			children = (
				AC79097C1B6D549700085FB6 /* Fabric.framework */,
				AC79097D1B6D549700085FB6 /* Crashlytics.framework */,
				AC7909791B6D517E00085FB6 /* Social.framework */,
				AC7909771B6D517B00085FB6 /* Accounts.framework */,
				AC7909751B6D516F00085FB6 /* libsqlite3.dylib */,
				AC7909731B6D516800085FB6 /* libz.dylib */,
				AC7909711B6D516200085FB6 /* SystemConfiguration.framework */,
				AC79096F1B6D515D00085FB6 /* StoreKit.framework */,
				AC79096D1B6D515900085FB6 /* Security.framework */,
				AC79096B1B6D515500085FB6 /* QuartzCore.framework */,
				AC7909691B6D515000085FB6 /* CoreLocation.framework */,
				AC7909671B6D514C00085FB6 /* CoreGraphics.framework */,
				AC7909651B6D514700085FB6 /* CFNetwork.framework */,
				AC7909631B6D514200085FB6 /* AudioToolbox.framework */,
				AC79095F1B6D513100085FB6 /* Bolts.framework */,
				AC7909601B6D513100085FB6 /* Parse.framework */,
				AC7909301B6C455F00085FB6 /* DocPronto */,
				AC7909491B6C455F00085FB6 /* DocProntoTests */,
				AC79092F1B6C455F00085FB6 /* Products */,
				271E7A18146076B0C8BED4F3 /* Pods */,
				58E896E55C69332B7809E4D8 /* Frameworks */,
			);
			sourceTree = "<group>";
		};
		AC79092F1B6C455F00085FB6 /* Products */ = {
			isa = PBXGroup;
			children = (
				AC79092E1B6C455F00085FB6 /* DocPronto.app */,
				AC7909461B6C455F00085FB6 /* DocProntoTests.xctest */,
			);
			name = Products;
			sourceTree = "<group>";
		};
		AC7909301B6C455F00085FB6 /* DocPronto */ = {
			isa = PBXGroup;
			children = (
				AC7909331B6C455F00085FB6 /* AppDelegate.swift */,
				AC7909801B6D5D7000085FB6 /* Map.storyboard */,
				AC7909381B6C455F00085FB6 /* ViewController.swift */,
				ACA6B8EC1B6E4F0600AAA992 /* LoginViewController.swift */,
				AC7909841B6D710900085FB6 /* Login.Storyboard */,
				AC7909821B6D618C00085FB6 /* MapViewController.swift */,
				AC79093A1B6C455F00085FB6 /* Main.storyboard */,
				AC79093F1B6C455F00085FB6 /* LaunchScreen.xib */,
				AC7909351B6C455F00085FB6 /* DocPronto.xcdatamodeld */,
				AC7909311B6C455F00085FB6 /* Supporting Files */,
			);
			path = DocPronto;
			sourceTree = "<group>";
		};
		AC7909311B6C455F00085FB6 /* Supporting Files */ = {
			isa = PBXGroup;
			children = (
				AC79093D1B6C455F00085FB6 /* Images.xcassets */,
				AC7909321B6C455F00085FB6 /* Info.plist */,
			);
			name = "Supporting Files";
			sourceTree = "<group>";
		};
		AC7909491B6C455F00085FB6 /* DocProntoTests */ = {
			isa = PBXGroup;
			children = (
				AC79094C1B6C455F00085FB6 /* DocProntoTests.swift */,
				AC79094A1B6C455F00085FB6 /* Supporting Files */,
			);
			path = DocProntoTests;
			sourceTree = "<group>";
		};
		AC79094A1B6C455F00085FB6 /* Supporting Files */ = {
			isa = PBXGroup;
			children = (
				AC79094B1B6C455F00085FB6 /* Info.plist */,
			);
			name = "Supporting Files";
			sourceTree = "<group>";
		};
/* End PBXGroup section */

/* Begin PBXNativeTarget section */
		AC79092D1B6C455F00085FB6 /* DocPronto */ = {
			isa = PBXNativeTarget;
			buildConfigurationList = AC7909501B6C455F00085FB6 /* Build configuration list for PBXNativeTarget "DocPronto" */;
			buildPhases = (
				6EBD1DF4AC39DA492E6B9C2C /* Check Pods Manifest.lock */,
				AC79092A1B6C455F00085FB6 /* Sources */,
				AC79092B1B6C455F00085FB6 /* Frameworks */,
				AC79092C1B6C455F00085FB6 /* Resources */,
				AC79097B1B6D547D00085FB6 /* ShellScript */,
				89182CAEB27D001028408047 /* Copy Pods Resources */,
			);
			buildRules = (
			);
			dependencies = (
			);
			name = DocPronto;
			productName = DocPronto;
			productReference = AC79092E1B6C455F00085FB6 /* DocPronto.app */;
			productType = "com.apple.product-type.application";
		};
		AC7909451B6C455F00085FB6 /* DocProntoTests */ = {
			isa = PBXNativeTarget;
			buildConfigurationList = AC7909531B6C455F00085FB6 /* Build configuration list for PBXNativeTarget "DocProntoTests" */;
			buildPhases = (
				AC7909421B6C455F00085FB6 /* Sources */,
				AC7909431B6C455F00085FB6 /* Frameworks */,
				AC7909441B6C455F00085FB6 /* Resources */,
			);
			buildRules = (
			);
			dependencies = (
				AC7909481B6C455F00085FB6 /* PBXTargetDependency */,
			);
			name = DocProntoTests;
			productName = DocProntoTests;
			productReference = AC7909461B6C455F00085FB6 /* DocProntoTests.xctest */;
			productType = "com.apple.product-type.bundle.unit-test";
		};
/* End PBXNativeTarget section */

/* Begin PBXProject section */
		AC7909261B6C455F00085FB6 /* Project object */ = {
			isa = PBXProject;
			attributes = {
				LastUpgradeCheck = 0640;
				ORGANIZATIONNAME = "Bobby Ren";
				TargetAttributes = {
					AC79092D1B6C455F00085FB6 = {
						CreatedOnToolsVersion = 6.4;
					};
					AC7909451B6C455F00085FB6 = {
						CreatedOnToolsVersion = 6.4;
						TestTargetID = AC79092D1B6C455F00085FB6;
					};
				};
			};
			buildConfigurationList = AC7909291B6C455F00085FB6 /* Build configuration list for PBXProject "DocPronto" */;
			compatibilityVersion = "Xcode 3.2";
			developmentRegion = English;
			hasScannedForEncodings = 0;
			knownRegions = (
				en,
				Base,
			);
			mainGroup = AC7909251B6C455F00085FB6;
			productRefGroup = AC79092F1B6C455F00085FB6 /* Products */;
			projectDirPath = "";
			projectRoot = "";
			targets = (
				AC79092D1B6C455F00085FB6 /* DocPronto */,
				AC7909451B6C455F00085FB6 /* DocProntoTests */,
			);
		};
/* End PBXProject section */

/* Begin PBXResourcesBuildPhase section */
		AC79092C1B6C455F00085FB6 /* Resources */ = {
			isa = PBXResourcesBuildPhase;
			buildActionMask = 2147483647;
			files = (
				AC7909851B6D710900085FB6 /* Login.Storyboard in Resources */,
				AC79093C1B6C455F00085FB6 /* Main.storyboard in Resources */,
				AC7909411B6C455F00085FB6 /* LaunchScreen.xib in Resources */,
				AC79093E1B6C455F00085FB6 /* Images.xcassets in Resources */,
				AC7909811B6D5D7000085FB6 /* Map.storyboard in Resources */,
			);
			runOnlyForDeploymentPostprocessing = 0;
		};
		AC7909441B6C455F00085FB6 /* Resources */ = {
			isa = PBXResourcesBuildPhase;
			buildActionMask = 2147483647;
			files = (
			);
			runOnlyForDeploymentPostprocessing = 0;
		};
/* End PBXResourcesBuildPhase section */

/* Begin PBXShellScriptBuildPhase section */
		6EBD1DF4AC39DA492E6B9C2C /* Check Pods Manifest.lock */ = {
			isa = PBXShellScriptBuildPhase;
			buildActionMask = 2147483647;
			files = (
			);
			inputPaths = (
			);
			name = "Check Pods Manifest.lock";
			outputPaths = (
			);
			runOnlyForDeploymentPostprocessing = 0;
			shellPath = /bin/sh;
			shellScript = "diff \"${PODS_ROOT}/../Podfile.lock\" \"${PODS_ROOT}/Manifest.lock\" > /dev/null\nif [[ $? != 0 ]] ; then\n    cat << EOM\nerror: The sandbox is not in sync with the Podfile.lock. Run 'pod install' or update your CocoaPods installation.\nEOM\n    exit 1\nfi\n";
			showEnvVarsInLog = 0;
		};
		89182CAEB27D001028408047 /* Copy Pods Resources */ = {
			isa = PBXShellScriptBuildPhase;
			buildActionMask = 2147483647;
			files = (
			);
			inputPaths = (
			);
			name = "Copy Pods Resources";
			outputPaths = (
			);
			runOnlyForDeploymentPostprocessing = 0;
			shellPath = /bin/sh;
			shellScript = "\"${SRCROOT}/Pods/Target Support Files/Pods/Pods-resources.sh\"\n";
			showEnvVarsInLog = 0;
		};
		AC79097B1B6D547D00085FB6 /* ShellScript */ = {
			isa = PBXShellScriptBuildPhase;
			buildActionMask = 2147483647;
			files = (
			);
			inputPaths = (
			);
			outputPaths = (
			);
			runOnlyForDeploymentPostprocessing = 0;
			shellPath = /bin/sh;
			shellScript = "./Fabric.framework/run 70160b7dec925a91c6fe09e38bf1f8659c1eda41 0fa711cea5cca0c6a4b57c1a8955f0518514bfdd7a9e6f28b3eca2c60d905a9c\n";
		};
/* End PBXShellScriptBuildPhase section */

/* Begin PBXSourcesBuildPhase section */
		AC79092A1B6C455F00085FB6 /* Sources */ = {
			isa = PBXSourcesBuildPhase;
			buildActionMask = 2147483647;
			files = (
				ACA6B8ED1B6E4F0600AAA992 /* LoginViewController.swift in Sources */,
				AC7909391B6C455F00085FB6 /* ViewController.swift in Sources */,
				AC7909371B6C455F00085FB6 /* DocPronto.xcdatamodeld in Sources */,
				AC7909341B6C455F00085FB6 /* AppDelegate.swift in Sources */,
				AC7909831B6D618C00085FB6 /* MapViewController.swift in Sources */,
			);
			runOnlyForDeploymentPostprocessing = 0;
		};
		AC7909421B6C455F00085FB6 /* Sources */ = {
			isa = PBXSourcesBuildPhase;
			buildActionMask = 2147483647;
			files = (
				AC79094D1B6C455F00085FB6 /* DocProntoTests.swift in Sources */,
			);
			runOnlyForDeploymentPostprocessing = 0;
		};
/* End PBXSourcesBuildPhase section */

/* Begin PBXTargetDependency section */
		AC7909481B6C455F00085FB6 /* PBXTargetDependency */ = {
			isa = PBXTargetDependency;
			target = AC79092D1B6C455F00085FB6 /* DocPronto */;
			targetProxy = AC7909471B6C455F00085FB6 /* PBXContainerItemProxy */;
		};
/* End PBXTargetDependency section */

/* Begin PBXVariantGroup section */
		AC79093A1B6C455F00085FB6 /* Main.storyboard */ = {
			isa = PBXVariantGroup;
			children = (
				AC79093B1B6C455F00085FB6 /* Base */,
			);
			name = Main.storyboard;
			sourceTree = "<group>";
		};
		AC79093F1B6C455F00085FB6 /* LaunchScreen.xib */ = {
			isa = PBXVariantGroup;
			children = (
				AC7909401B6C455F00085FB6 /* Base */,
			);
			name = LaunchScreen.xib;
			sourceTree = "<group>";
		};
/* End PBXVariantGroup section */

/* Begin XCBuildConfiguration section */
		AC79094E1B6C455F00085FB6 /* Debug */ = {
			isa = XCBuildConfiguration;
			buildSettings = {
				ALWAYS_SEARCH_USER_PATHS = NO;
				CLANG_CXX_LANGUAGE_STANDARD = "gnu++0x";
				CLANG_CXX_LIBRARY = "libc++";
				CLANG_ENABLE_MODULES = YES;
				CLANG_ENABLE_OBJC_ARC = YES;
				CLANG_WARN_BOOL_CONVERSION = YES;
				CLANG_WARN_CONSTANT_CONVERSION = YES;
				CLANG_WARN_DIRECT_OBJC_ISA_USAGE = YES_ERROR;
				CLANG_WARN_EMPTY_BODY = YES;
				CLANG_WARN_ENUM_CONVERSION = YES;
				CLANG_WARN_INT_CONVERSION = YES;
				CLANG_WARN_OBJC_ROOT_CLASS = YES_ERROR;
				CLANG_WARN_UNREACHABLE_CODE = YES;
				CLANG_WARN__DUPLICATE_METHOD_MATCH = YES;
				"CODE_SIGN_IDENTITY[sdk=iphoneos*]" = "iPhone Developer";
				COPY_PHASE_STRIP = NO;
				DEBUG_INFORMATION_FORMAT = "dwarf-with-dsym";
				ENABLE_STRICT_OBJC_MSGSEND = YES;
				GCC_C_LANGUAGE_STANDARD = gnu99;
				GCC_DYNAMIC_NO_PIC = NO;
				GCC_NO_COMMON_BLOCKS = YES;
				GCC_OPTIMIZATION_LEVEL = 0;
				GCC_PREPROCESSOR_DEFINITIONS = (
					"DEBUG=1",
					"$(inherited)",
				);
				GCC_SYMBOLS_PRIVATE_EXTERN = NO;
				GCC_WARN_64_TO_32_BIT_CONVERSION = YES;
				GCC_WARN_ABOUT_RETURN_TYPE = YES_ERROR;
				GCC_WARN_UNDECLARED_SELECTOR = YES;
				GCC_WARN_UNINITIALIZED_AUTOS = YES_AGGRESSIVE;
				GCC_WARN_UNUSED_FUNCTION = YES;
				GCC_WARN_UNUSED_VARIABLE = YES;
				IPHONEOS_DEPLOYMENT_TARGET = 8.4;
				MTL_ENABLE_DEBUG_INFO = YES;
				ONLY_ACTIVE_ARCH = YES;
				SDKROOT = iphoneos;
				SWIFT_OPTIMIZATION_LEVEL = "-Onone";
			};
			name = Debug;
		};
		AC79094F1B6C455F00085FB6 /* Release */ = {
			isa = XCBuildConfiguration;
			buildSettings = {
				ALWAYS_SEARCH_USER_PATHS = NO;
				CLANG_CXX_LANGUAGE_STANDARD = "gnu++0x";
				CLANG_CXX_LIBRARY = "libc++";
				CLANG_ENABLE_MODULES = YES;
				CLANG_ENABLE_OBJC_ARC = YES;
				CLANG_WARN_BOOL_CONVERSION = YES;
				CLANG_WARN_CONSTANT_CONVERSION = YES;
				CLANG_WARN_DIRECT_OBJC_ISA_USAGE = YES_ERROR;
				CLANG_WARN_EMPTY_BODY = YES;
				CLANG_WARN_ENUM_CONVERSION = YES;
				CLANG_WARN_INT_CONVERSION = YES;
				CLANG_WARN_OBJC_ROOT_CLASS = YES_ERROR;
				CLANG_WARN_UNREACHABLE_CODE = YES;
				CLANG_WARN__DUPLICATE_METHOD_MATCH = YES;
				"CODE_SIGN_IDENTITY[sdk=iphoneos*]" = "iPhone Developer";
				COPY_PHASE_STRIP = NO;
				DEBUG_INFORMATION_FORMAT = "dwarf-with-dsym";
				ENABLE_NS_ASSERTIONS = NO;
				ENABLE_STRICT_OBJC_MSGSEND = YES;
				GCC_C_LANGUAGE_STANDARD = gnu99;
				GCC_NO_COMMON_BLOCKS = YES;
				GCC_WARN_64_TO_32_BIT_CONVERSION = YES;
				GCC_WARN_ABOUT_RETURN_TYPE = YES_ERROR;
				GCC_WARN_UNDECLARED_SELECTOR = YES;
				GCC_WARN_UNINITIALIZED_AUTOS = YES_AGGRESSIVE;
				GCC_WARN_UNUSED_FUNCTION = YES;
				GCC_WARN_UNUSED_VARIABLE = YES;
				IPHONEOS_DEPLOYMENT_TARGET = 8.4;
				MTL_ENABLE_DEBUG_INFO = NO;
				SDKROOT = iphoneos;
				VALIDATE_PRODUCT = YES;
			};
			name = Release;
		};
		AC7909511B6C455F00085FB6 /* Debug */ = {
			isa = XCBuildConfiguration;
			baseConfigurationReference = 2161FFB5DEECA8224FEC534E /* Pods.debug.xcconfig */;
			buildSettings = {
				ASSETCATALOG_COMPILER_APPICON_NAME = AppIcon;
				FRAMEWORK_SEARCH_PATHS = (
					"$(inherited)",
					"$(PROJECT_DIR)",
				);
				INFOPLIST_FILE = DocPronto/Info.plist;
				LD_RUNPATH_SEARCH_PATHS = "$(inherited) @executable_path/Frameworks";
				PRODUCT_NAME = "$(TARGET_NAME)";
				TARGETED_DEVICE_FAMILY = 1;
			};
			name = Debug;
		};
		AC7909521B6C455F00085FB6 /* Release */ = {
			isa = XCBuildConfiguration;
			baseConfigurationReference = C5FF6A4040152AFBAF0CF503 /* Pods.release.xcconfig */;
			buildSettings = {
				ASSETCATALOG_COMPILER_APPICON_NAME = AppIcon;
				FRAMEWORK_SEARCH_PATHS = (
					"$(inherited)",
					"$(PROJECT_DIR)",
				);
				INFOPLIST_FILE = DocPronto/Info.plist;
				LD_RUNPATH_SEARCH_PATHS = "$(inherited) @executable_path/Frameworks";
				PRODUCT_NAME = "$(TARGET_NAME)";
				TARGETED_DEVICE_FAMILY = 1;
			};
			name = Release;
		};
		AC7909541B6C455F00085FB6 /* Debug */ = {
			isa = XCBuildConfiguration;
			buildSettings = {
				BUNDLE_LOADER = "$(TEST_HOST)";
				FRAMEWORK_SEARCH_PATHS = (
					"$(SDKROOT)/Developer/Library/Frameworks",
					"$(inherited)",
				);
				GCC_PREPROCESSOR_DEFINITIONS = (
					"DEBUG=1",
					"$(inherited)",
				);
				INFOPLIST_FILE = DocProntoTests/Info.plist;
				LD_RUNPATH_SEARCH_PATHS = "$(inherited) @executable_path/Frameworks @loader_path/Frameworks";
				PRODUCT_NAME = "$(TARGET_NAME)";
				TEST_HOST = "$(BUILT_PRODUCTS_DIR)/DocPronto.app/DocPronto";
			};
			name = Debug;
		};
		AC7909551B6C455F00085FB6 /* Release */ = {
			isa = XCBuildConfiguration;
			buildSettings = {
				BUNDLE_LOADER = "$(TEST_HOST)";
				FRAMEWORK_SEARCH_PATHS = (
					"$(SDKROOT)/Developer/Library/Frameworks",
					"$(inherited)",
				);
				INFOPLIST_FILE = DocProntoTests/Info.plist;
				LD_RUNPATH_SEARCH_PATHS = "$(inherited) @executable_path/Frameworks @loader_path/Frameworks";
				PRODUCT_NAME = "$(TARGET_NAME)";
				TEST_HOST = "$(BUILT_PRODUCTS_DIR)/DocPronto.app/DocPronto";
			};
			name = Release;
		};
/* End XCBuildConfiguration section */

/* Begin XCConfigurationList section */
		AC7909291B6C455F00085FB6 /* Build configuration list for PBXProject "DocPronto" */ = {
			isa = XCConfigurationList;
			buildConfigurations = (
				AC79094E1B6C455F00085FB6 /* Debug */,
				AC79094F1B6C455F00085FB6 /* Release */,
			);
			defaultConfigurationIsVisible = 0;
			defaultConfigurationName = Release;
		};
		AC7909501B6C455F00085FB6 /* Build configuration list for PBXNativeTarget "DocPronto" */ = {
			isa = XCConfigurationList;
			buildConfigurations = (
				AC7909511B6C455F00085FB6 /* Debug */,
				AC7909521B6C455F00085FB6 /* Release */,
			);
			defaultConfigurationIsVisible = 0;
			defaultConfigurationName = Release;
		};
		AC7909531B6C455F00085FB6 /* Build configuration list for PBXNativeTarget "DocProntoTests" */ = {
			isa = XCConfigurationList;
			buildConfigurations = (
				AC7909541B6C455F00085FB6 /* Debug */,
				AC7909551B6C455F00085FB6 /* Release */,
			);
			defaultConfigurationIsVisible = 0;
			defaultConfigurationName = Release;
		};
/* End XCConfigurationList section */

/* Begin XCVersionGroup section */
		AC7909351B6C455F00085FB6 /* DocPronto.xcdatamodeld */ = {
			isa = XCVersionGroup;
			children = (
				AC7909361B6C455F00085FB6 /* DocPronto.xcdatamodel */,
			);
			currentVersion = AC7909361B6C455F00085FB6 /* DocPronto.xcdatamodel */;
			path = DocPronto.xcdatamodeld;
			sourceTree = "<group>";
			versionGroupType = wrapper.xcdatamodel;
		};
/* End XCVersionGroup section */
	};
	rootObject = AC7909261B6C455F00085FB6 /* Project object */;
}
